
Microsoft Visual Studio Solution File, Format Version 12.00
# Visual Studio Version 17
VisualStudioVersion = 17.0.31903.59
MinimumVisualStudioVersion = 10.0.40219.1
Project("{2150E333-8FDC-42A3-9474-1A3956D46DE8}") = "src", "src", "{A87A3988-A673-44F9-BD31-8A9B4FC855F6}"
EndProject
Project("{FAE04EC0-301F-11D3-BF4B-00C04F79EFBC}") = "UrlShortener.Api", "src\UrlShortener\UrlShortener.Api.csproj", "{BD96F469-D73F-4575-8C09-CE8FDBE06696}"
EndProject
Project("{2150E333-8FDC-42A3-9474-1A3956D46DE8}") = "tests", "tests", "{7E215ED9-711F-4BBB-999A-819529F0E64C}"
EndProject
Project("{FAE04EC0-301F-11D3-BF4B-00C04F79EFBC}") = "UrlShortener.UnitTest", "tests\UrlShortener.UnitTest\UrlShortener.UnitTest.csproj", "{DA7A98DA-386E-4E81-9DA0-7F5AC939D75A}"
EndProject
Project("{2150E333-8FDC-42A3-9474-1A3956D46DE8}") = "web", "web", "{3D46A718-8882-4BB9-8F60-44105D2DB67F}"
EndProject
Project("{FAE04EC0-301F-11D3-BF4B-00C04F79EFBC}") = "UrlShortener", "web\UrlShortener\UrlShortener.csproj", "{5541BD79-359A-4187-B376-55EF311D66E0}"
EndProject
Project("{E53339B2-1760-4266-BCC7-CA923CBCF16C}") = "docker-compose", "docker-compose.dcproj", "{A62CA28C-24FC-4249-9948-2185F3CCF870}"
EndProject
Global
	GlobalSection(SolutionConfigurationPlatforms) = preSolution
		Debug|Any CPU = Debug|Any CPU
		Release|Any CPU = Release|Any CPU
	EndGlobalSection
	GlobalSection(ProjectConfigurationPlatforms) = postSolution
		{BD96F469-D73F-4575-8C09-CE8FDBE06696}.Debug|Any CPU.ActiveCfg = Debug|Any CPU
		{BD96F469-D73F-4575-8C09-CE8FDBE06696}.Debug|Any CPU.Build.0 = Debug|Any CPU
		{BD96F469-D73F-4575-8C09-CE8FDBE06696}.Release|Any CPU.ActiveCfg = Release|Any CPU
		{BD96F469-D73F-4575-8C09-CE8FDBE06696}.Release|Any CPU.Build.0 = Release|Any CPU
		{DA7A98DA-386E-4E81-9DA0-7F5AC939D75A}.Debug|Any CPU.ActiveCfg = Debug|Any CPU
		{DA7A98DA-386E-4E81-9DA0-7F5AC939D75A}.Debug|Any CPU.Build.0 = Debug|Any CPU
		{DA7A98DA-386E-4E81-9DA0-7F5AC939D75A}.Release|Any CPU.ActiveCfg = Release|Any CPU
		{DA7A98DA-386E-4E81-9DA0-7F5AC939D75A}.Release|Any CPU.Build.0 = Release|Any CPU
		{5541BD79-359A-4187-B376-55EF311D66E0}.Debug|Any CPU.ActiveCfg = Debug|Any CPU
		{5541BD79-359A-4187-B376-55EF311D66E0}.Debug|Any CPU.Build.0 = Debug|Any CPU
		{5541BD79-359A-4187-B376-55EF311D66E0}.Release|Any CPU.ActiveCfg = Release|Any CPU
		{5541BD79-359A-4187-B376-55EF311D66E0}.Release|Any CPU.Build.0 = Release|Any CPU
		{A62CA28C-24FC-4249-9948-2185F3CCF870}.Debug|Any CPU.ActiveCfg = Debug|Any CPU
		{A62CA28C-24FC-4249-9948-2185F3CCF870}.Debug|Any CPU.Build.0 = Debug|Any CPU
		{A62CA28C-24FC-4249-9948-2185F3CCF870}.Release|Any CPU.ActiveCfg = Release|Any CPU
		{A62CA28C-24FC-4249-9948-2185F3CCF870}.Release|Any CPU.Build.0 = Release|Any CPU
	EndGlobalSection
	GlobalSection(SolutionProperties) = preSolution
		HideSolutionNode = FALSE
	EndGlobalSection
	GlobalSection(NestedProjects) = preSolution
		{BD96F469-D73F-4575-8C09-CE8FDBE06696} = {A87A3988-A673-44F9-BD31-8A9B4FC855F6}
		{DA7A98DA-386E-4E81-9DA0-7F5AC939D75A} = {7E215ED9-711F-4BBB-999A-819529F0E64C}
		{5541BD79-359A-4187-B376-55EF311D66E0} = {3D46A718-8882-4BB9-8F60-44105D2DB67F}
	EndGlobalSection
EndGlobal
