
Microsoft Visual Studio Solution File, Format Version 12.00
# Visual Studio Version 17
VisualStudioVersion = 17.0.31903.59
MinimumVisualStudioVersion = 10.0.40219.1
Project("{2150E333-8FDC-42A3-9474-1A3956D46DE8}") = "src", "src", "{A87A3988-A673-44F9-BD31-8A9B4FC855F6}"
EndProject
Project("{2150E333-8FDC-42A3-9474-1A3956D46DE8}") = "tests", "tests", "{7E215ED9-711F-4BBB-999A-819529F0E64C}"
EndProject
Project("{FAE04EC0-301F-11D3-BF4B-00C04F79EFBC}") = "UrlShortener.UnitTest", "tests\UrlShortener.UnitTest\UrlShortener.UnitTest.csproj", "{DA7A98DA-386E-4E81-9DA0-7F5AC939D75A}"
EndProject
Project("{E53339B2-1760-4266-BCC7-CA923CBCF16C}") = "docker-compose", "docker-compose.dcproj", "{73505F91-1049-496E-9087-376276F3AE6B}"
EndProject
Project("{2150E333-8FDC-42A3-9474-1A3956D46DE8}") = "API", "API", "{651FF66B-8EB6-4A78-9583-1513ADD839D9}"
EndProject
Project("{FAE04EC0-301F-11D3-BF4B-00C04F79EFBC}") = "UrlShortener.Api", "src\API\UrlShortener.Api\UrlShortener.Api.csproj", "{44FBAF8B-36E6-415F-BDB4-3500E2CBDFAE}"
EndProject
Project("{2150E333-8FDC-42A3-9474-1A3956D46DE8}") = "WEB", "WEB", "{4CB6DC88-075C-44DA-9CD3-9271FF7FC477}"
EndProject
Project("{FAE04EC0-301F-11D3-BF4B-00C04F79EFBC}") = "UrlShortener", "src\WEB\UrlShortener\UrlShortener.csproj", "{DE4EA899-972B-438E-AEB1-BCFC365BB601}"
EndProject
Global
	GlobalSection(SolutionConfigurationPlatforms) = preSolution
		Debug|Any CPU = Debug|Any CPU
		Release|Any CPU = Release|Any CPU
	EndGlobalSection
	GlobalSection(ProjectConfigurationPlatforms) = postSolution
		{DA7A98DA-386E-4E81-9DA0-7F5AC939D75A}.Debug|Any CPU.ActiveCfg = Debug|Any CPU
		{DA7A98DA-386E-4E81-9DA0-7F5AC939D75A}.Debug|Any CPU.Build.0 = Debug|Any CPU
		{DA7A98DA-386E-4E81-9DA0-7F5AC939D75A}.Release|Any CPU.ActiveCfg = Release|Any CPU
		{DA7A98DA-386E-4E81-9DA0-7F5AC939D75A}.Release|Any CPU.Build.0 = Release|Any CPU
		{73505F91-1049-496E-9087-376276F3AE6B}.Debug|Any CPU.ActiveCfg = Debug|Any CPU
		{73505F91-1049-496E-9087-376276F3AE6B}.Debug|Any CPU.Build.0 = Debug|Any CPU
		{73505F91-1049-496E-9087-376276F3AE6B}.Release|Any CPU.ActiveCfg = Release|Any CPU
		{73505F91-1049-496E-9087-376276F3AE6B}.Release|Any CPU.Build.0 = Release|Any CPU
		{44FBAF8B-36E6-415F-BDB4-3500E2CBDFAE}.Debug|Any CPU.ActiveCfg = Debug|Any CPU
		{44FBAF8B-36E6-415F-BDB4-3500E2CBDFAE}.Debug|Any CPU.Build.0 = Debug|Any CPU
		{44FBAF8B-36E6-415F-BDB4-3500E2CBDFAE}.Release|Any CPU.ActiveCfg = Release|Any CPU
		{44FBAF8B-36E6-415F-BDB4-3500E2CBDFAE}.Release|Any CPU.Build.0 = Release|Any CPU
		{DE4EA899-972B-438E-AEB1-BCFC365BB601}.Debug|Any CPU.ActiveCfg = Debug|Any CPU
		{DE4EA899-972B-438E-AEB1-BCFC365BB601}.Debug|Any CPU.Build.0 = Debug|Any CPU
		{DE4EA899-972B-438E-AEB1-BCFC365BB601}.Release|Any CPU.ActiveCfg = Release|Any CPU
		{DE4EA899-972B-438E-AEB1-BCFC365BB601}.Release|Any CPU.Build.0 = Release|Any CPU
	EndGlobalSection
	GlobalSection(SolutionProperties) = preSolution
		HideSolutionNode = FALSE
	EndGlobalSection
	GlobalSection(NestedProjects) = preSolution
		{DA7A98DA-386E-4E81-9DA0-7F5AC939D75A} = {7E215ED9-711F-4BBB-999A-819529F0E64C}
		{651FF66B-8EB6-4A78-9583-1513ADD839D9} = {A87A3988-A673-44F9-BD31-8A9B4FC855F6}
		{44FBAF8B-36E6-415F-BDB4-3500E2CBDFAE} = {651FF66B-8EB6-4A78-9583-1513ADD839D9}
		{4CB6DC88-075C-44DA-9CD3-9271FF7FC477} = {A87A3988-A673-44F9-BD31-8A9B4FC855F6}
		{DE4EA899-972B-438E-AEB1-BCFC365BB601} = {4CB6DC88-075C-44DA-9CD3-9271FF7FC477}
	EndGlobalSection
EndGlobal
