
Microsoft Visual Studio Solution File, Format Version 12.00
# Visual Studio Version 17
VisualStudioVersion = 17.0.31903.59
MinimumVisualStudioVersion = 10.0.40219.1
Project("{2150E333-8FDC-42A3-9474-1A3956D46DE8}") = "src", "src", "{A87A3988-A673-44F9-BD31-8A9B4FC855F6}"
EndProject
Project("{FAE04EC0-301F-11D3-BF4B-00C04F79EFBC}") = "UrlShortener", "src\UrlShortener\UrlShortener.csproj", "{BD96F469-D73F-4575-8C09-CE8FDBE06696}"
EndProject
Project("{E53339B2-1760-4266-BCC7-CA923CBCF16C}") = "docker-compose", "docker-compose.dcproj", "{EE14D145-8B45-425C-824D-971A3D09AE2D}"
EndProject
Global
	GlobalSection(SolutionConfigurationPlatforms) = preSolution
		Debug|Any CPU = Debug|Any CPU
		Release|Any CPU = Release|Any CPU
	EndGlobalSection
	GlobalSection(ProjectConfigurationPlatforms) = postSolution
		{BD96F469-D73F-4575-8C09-CE8FDBE06696}.Debug|Any CPU.ActiveCfg = Debug|Any CPU
		{BD96F469-D73F-4575-8C09-CE8FDBE06696}.Debug|Any CPU.Build.0 = Debug|Any CPU
		{BD96F469-D73F-4575-8C09-CE8FDBE06696}.Release|Any CPU.ActiveCfg = Release|Any CPU
		{BD96F469-D73F-4575-8C09-CE8FDBE06696}.Release|Any CPU.Build.0 = Release|Any CPU
		{EE14D145-8B45-425C-824D-971A3D09AE2D}.Debug|Any CPU.ActiveCfg = Debug|Any CPU
		{EE14D145-8B45-425C-824D-971A3D09AE2D}.Debug|Any CPU.Build.0 = Debug|Any CPU
		{EE14D145-8B45-425C-824D-971A3D09AE2D}.Release|Any CPU.ActiveCfg = Release|Any CPU
		{EE14D145-8B45-425C-824D-971A3D09AE2D}.Release|Any CPU.Build.0 = Release|Any CPU
	EndGlobalSection
	GlobalSection(SolutionProperties) = preSolution
		HideSolutionNode = FALSE
	EndGlobalSection
	GlobalSection(NestedProjects) = preSolution
		{BD96F469-D73F-4575-8C09-CE8FDBE06696} = {A87A3988-A673-44F9-BD31-8A9B4FC855F6}
	EndGlobalSection
EndGlobal
